
Microsoft Visual Studio Solution File, Format Version 12.00
# Visual Studio Version 16
VisualStudioVersion = 16.0.29306.81
MinimumVisualStudioVersion = 10.0.40219.1
Project("{FAE04EC0-301F-11D3-BF4B-00C04F79EFBC}") = "SupportUpdateWebApp", "SupportUpdateWebApp.csproj", "{FBA329ED-8E0F-4CA7-90F8-05294ECB1CE5}"
EndProject
Global
	GlobalSection(SolutionConfigurationPlatforms) = preSolution
		Debug|Any CPU = Debug|Any CPU
		Release|Any CPU = Release|Any CPU
	EndGlobalSection
	GlobalSection(ProjectConfigurationPlatforms) = postSolution
		{FBA329ED-8E0F-4CA7-90F8-05294ECB1CE5}.Debug|Any CPU.ActiveCfg = Debug|Any CPU
		{FBA329ED-8E0F-4CA7-90F8-05294ECB1CE5}.Debug|Any CPU.Build.0 = Debug|Any CPU
		{FBA329ED-8E0F-4CA7-90F8-05294ECB1CE5}.Release|Any CPU.ActiveCfg = Release|Any CPU
		{FBA329ED-8E0F-4CA7-90F8-05294ECB1CE5}.Release|Any CPU.Build.0 = Release|Any CPU
	EndGlobalSection
	GlobalSection(SolutionProperties) = preSolution
		HideSolutionNode = FALSE
	EndGlobalSection
	GlobalSection(ExtensibilityGlobals) = postSolution
		SolutionGuid = {B2E58F39-185A-4C64-A1EB-22797C613863}
	EndGlobalSection
EndGlobal
